
Microsoft Visual Studio Solution File, Format Version 12.00
# Visual Studio Version 16
VisualStudioVersion = 16.0.31005.135
MinimumVisualStudioVersion = 10.0.40219.1
Project("{FAE04EC0-301F-11D3-BF4B-00C04F79EFBC}") = "ProjLanchonete", "ProjLanchonete\ProjLanchonete.csproj", "{1021B59D-7C10-4BE4-AD26-4FAEDE7CF008}"
EndProject
Project("{FAE04EC0-301F-11D3-BF4B-00C04F79EFBC}") = "Model", "Model\Model.csproj", "{068492AF-40B1-46FE-853C-B795577A73B3}"
EndProject
Project("{FAE04EC0-301F-11D3-BF4B-00C04F79EFBC}") = "Util", "Util\Util.csproj", "{7B3729F4-AEF3-4097-9912-F02636FEF5B1}"
EndProject
Project("{FAE04EC0-301F-11D3-BF4B-00C04F79EFBC}") = "Data", "Data\Data.csproj", "{6FAB454A-BC47-4C76-A82D-F4A38001D92A}"
EndProject
Project("{FAE04EC0-301F-11D3-BF4B-00C04F79EFBC}") = "Proxy", "Proxy\Proxy.csproj", "{2ECD5084-B5E4-4D86-86DC-2E01F40A2ABD}"
EndProject
Global
	GlobalSection(SolutionConfigurationPlatforms) = preSolution
		Debug|Any CPU = Debug|Any CPU
		Release|Any CPU = Release|Any CPU
	EndGlobalSection
	GlobalSection(ProjectConfigurationPlatforms) = postSolution
		{1021B59D-7C10-4BE4-AD26-4FAEDE7CF008}.Debug|Any CPU.ActiveCfg = Debug|Any CPU
		{1021B59D-7C10-4BE4-AD26-4FAEDE7CF008}.Debug|Any CPU.Build.0 = Debug|Any CPU
		{1021B59D-7C10-4BE4-AD26-4FAEDE7CF008}.Release|Any CPU.ActiveCfg = Release|Any CPU
		{1021B59D-7C10-4BE4-AD26-4FAEDE7CF008}.Release|Any CPU.Build.0 = Release|Any CPU
		{068492AF-40B1-46FE-853C-B795577A73B3}.Debug|Any CPU.ActiveCfg = Debug|Any CPU
		{068492AF-40B1-46FE-853C-B795577A73B3}.Debug|Any CPU.Build.0 = Debug|Any CPU
		{068492AF-40B1-46FE-853C-B795577A73B3}.Release|Any CPU.ActiveCfg = Release|Any CPU
		{068492AF-40B1-46FE-853C-B795577A73B3}.Release|Any CPU.Build.0 = Release|Any CPU
		{7B3729F4-AEF3-4097-9912-F02636FEF5B1}.Debug|Any CPU.ActiveCfg = Debug|Any CPU
		{7B3729F4-AEF3-4097-9912-F02636FEF5B1}.Debug|Any CPU.Build.0 = Debug|Any CPU
		{7B3729F4-AEF3-4097-9912-F02636FEF5B1}.Release|Any CPU.ActiveCfg = Release|Any CPU
		{7B3729F4-AEF3-4097-9912-F02636FEF5B1}.Release|Any CPU.Build.0 = Release|Any CPU
		{6FAB454A-BC47-4C76-A82D-F4A38001D92A}.Debug|Any CPU.ActiveCfg = Debug|Any CPU
		{6FAB454A-BC47-4C76-A82D-F4A38001D92A}.Debug|Any CPU.Build.0 = Debug|Any CPU
		{6FAB454A-BC47-4C76-A82D-F4A38001D92A}.Release|Any CPU.ActiveCfg = Release|Any CPU
		{6FAB454A-BC47-4C76-A82D-F4A38001D92A}.Release|Any CPU.Build.0 = Release|Any CPU
		{2ECD5084-B5E4-4D86-86DC-2E01F40A2ABD}.Debug|Any CPU.ActiveCfg = Debug|Any CPU
		{2ECD5084-B5E4-4D86-86DC-2E01F40A2ABD}.Debug|Any CPU.Build.0 = Debug|Any CPU
		{2ECD5084-B5E4-4D86-86DC-2E01F40A2ABD}.Release|Any CPU.ActiveCfg = Release|Any CPU
		{2ECD5084-B5E4-4D86-86DC-2E01F40A2ABD}.Release|Any CPU.Build.0 = Release|Any CPU
	EndGlobalSection
	GlobalSection(SolutionProperties) = preSolution
		HideSolutionNode = FALSE
	EndGlobalSection
	GlobalSection(ExtensibilityGlobals) = postSolution
		SolutionGuid = {5A556398-AEA6-4B03-99F9-64A7AA3C6E7B}
	EndGlobalSection
EndGlobal
